{
  "name": "playwright",
  "version": "1.0.0",
  "lockfileVersion": 2,
  "requires": true,
  "packages": {
    "": {
      "name": "playwright",
      "version": "1.0.0",
      "license": "ISC",
      "devDependencies": {
        "@playwright/test": "^1.28.0-alpha-oct-6-2022"
      }
    },
    "node_modules/@playwright/test": {
      "version": "1.28.0-alpha-oct-8-2022",
      "resolved": "https://registry.npmjs.org/@playwright/test/-/test-1.28.0-alpha-oct-8-2022.tgz",
      "integrity": "sha512-RgdPwKXhgyObJInhiZ6Q9iLCEgVNj26J+tISKtoI/1mRdRwzmMc8QiTvY5ia6Q7HWA7Qmog8g1xSnBKqQd7fTg==",
      "dev": true,
      "dependencies": {
        "@types/node": "*",
        "playwright-core": "1.28.0-alpha-oct-8-2022"
      },
      "bin": {
        "playwright": "cli.js"
      },
      "engines": {
        "node": ">=14"
      }
    },
    "node_modules/@types/node": {
      "version": "18.8.2",
      "resolved": "https://registry.npmjs.org/@types/node/-/node-18.8.2.tgz",
      "integrity": "sha512-cRMwIgdDN43GO4xMWAfJAecYn8wV4JbsOGHNfNUIDiuYkUYAR5ec4Rj7IO2SAhFPEfpPtLtUTbbny/TCT7aDwA==",
      "dev": true
    },
    "node_modules/playwright-core": {
      "version": "1.28.0-alpha-oct-8-2022",
      "resolved": "https://registry.npmjs.org/playwright-core/-/playwright-core-1.28.0-alpha-oct-8-2022.tgz",
      "integrity": "sha512-+kmvKAokwguK4NNmYF1+y8XBFgkKVTGIi+Dkk+GEnrHrOI1NkOCvBKKgSfwKBABrSv1sl57yLn8/CopMjeQ+BA==",
      "dev": true,
      "bin": {
        "playwright": "cli.js"
      },
      "engines": {
        "node": ">=14"
      }
    }
  },
  "dependencies": {
    "@playwright/test": {
      "version": "1.28.0-alpha-oct-8-2022",
      "resolved": "https://registry.npmjs.org/@playwright/test/-/test-1.28.0-alpha-oct-8-2022.tgz",
      "integrity": "sha512-RgdPwKXhgyObJInhiZ6Q9iLCEgVNj26J+tISKtoI/1mRdRwzmMc8QiTvY5ia6Q7HWA7Qmog8g1xSnBKqQd7fTg==",
      "dev": true,
      "requires": {
        "@types/node": "*",
        "playwright-core": "1.28.0-alpha-oct-8-2022"
      }
    },
    "@types/node": {
      "version": "18.8.2",
      "resolved": "https://registry.npmjs.org/@types/node/-/node-18.8.2.tgz",
      "integrity": "sha512-cRMwIgdDN43GO4xMWAfJAecYn8wV4JbsOGHNfNUIDiuYkUYAR5ec4Rj7IO2SAhFPEfpPtLtUTbbny/TCT7aDwA==",
      "dev": true
    },
    "playwright-core": {
      "version": "1.28.0-alpha-oct-8-2022",
      "resolved": "https://registry.npmjs.org/playwright-core/-/playwright-core-1.28.0-alpha-oct-8-2022.tgz",
      "integrity": "sha512-+kmvKAokwguK4NNmYF1+y8XBFgkKVTGIi+Dkk+GEnrHrOI1NkOCvBKKgSfwKBABrSv1sl57yLn8/CopMjeQ+BA==",
      "dev": true
    }
  }
}
